
Microsoft Visual Studio Solution File, Format Version 12.00
# Visual Studio Version 16
VisualStudioVersion = 16.0.29318.209
MinimumVisualStudioVersion = 10.0.40219.1
Project("{FAE04EC0-301F-11D3-BF4B-00C04F79EFBC}") = "com326", "com326.csproj", "{4CF48D86-3CE5-4E4F-9E16-C62E73379227}"
EndProject
Global
	GlobalSection(SolutionConfigurationPlatforms) = preSolution
		Debug|Any CPU = Debug|Any CPU
		Release|Any CPU = Release|Any CPU
	EndGlobalSection
	GlobalSection(ProjectConfigurationPlatforms) = postSolution
		{4CF48D86-3CE5-4E4F-9E16-C62E73379227}.Debug|Any CPU.ActiveCfg = Debug|Any CPU
		{4CF48D86-3CE5-4E4F-9E16-C62E73379227}.Debug|Any CPU.Build.0 = Debug|Any CPU
		{4CF48D86-3CE5-4E4F-9E16-C62E73379227}.Release|Any CPU.ActiveCfg = Release|Any CPU
		{4CF48D86-3CE5-4E4F-9E16-C62E73379227}.Release|Any CPU.Build.0 = Release|Any CPU
	EndGlobalSection
	GlobalSection(SolutionProperties) = preSolution
		HideSolutionNode = FALSE
	EndGlobalSection
	GlobalSection(ExtensibilityGlobals) = postSolution
		SolutionGuid = {8F9B1D0F-3757-4B59-BF29-8A773F4AAF4F}
	EndGlobalSection
EndGlobal
